Microsoft Visual Studio Solution File, Format Version 12.00
# Visual Studio Version 17
VisualStudioVersion = 17.5.2.0
MinimumVisualStudioVersion = 10.0.40219.1
Project("{FAE04EC0-301F-11D3-BF4B-00C04F79EFBC}") = "myprog", "Lab_2\myprog.csproj", "{AAAFA624-A0FE-2275-417B-AACE11B41020}"
EndProject
Global
	GlobalSection(SolutionConfigurationPlatforms) = preSolution
		Debug|Any CPU = Debug|Any CPU
		Release|Any CPU = Release|Any CPU
	EndGlobalSection
	GlobalSection(ProjectConfigurationPlatforms) = postSolution
		{AAAFA624-A0FE-2275-417B-AACE11B41020}.Debug|Any CPU.ActiveCfg = Debug|Any CPU
		{AAAFA624-A0FE-2275-417B-AACE11B41020}.Debug|Any CPU.Build.0 = Debug|Any CPU
		{AAAFA624-A0FE-2275-417B-AACE11B41020}.Release|Any CPU.ActiveCfg = Release|Any CPU
		{AAAFA624-A0FE-2275-417B-AACE11B41020}.Release|Any CPU.Build.0 = Release|Any CPU
	EndGlobalSection
	GlobalSection(SolutionProperties) = preSolution
		HideSolutionNode = FALSE
	EndGlobalSection
	GlobalSection(ExtensibilityGlobals) = postSolution
		SolutionGuid = {83C0A593-DFF4-4AFB-8DE7-663657D63FF4}
	EndGlobalSection
EndGlobal
